
Microsoft Visual Studio Solution File, Format Version 12.00
# Visual Studio 14
VisualStudioVersion = 14.0.25420.1
MinimumVisualStudioVersion = 10.0.40219.1
Project("{FAE04EC0-301F-11D3-BF4B-00C04F79EFBC}") = "BankingApp.WEB", "BankingApp.WEB\BankingApp.WEB.csproj", "{C0000864-CAAA-4FBD-B751-B8C4BF1B3691}"
EndProject
Project("{FAE04EC0-301F-11D3-BF4B-00C04F79EFBC}") = "BankingApp.DAL", "BankingApp.DAL\BankingApp.DAL.csproj", "{A0673109-8EA9-4FAD-8924-0CE5D3F36B3A}"
EndProject
Project("{FAE04EC0-301F-11D3-BF4B-00C04F79EFBC}") = "BankingApp.BLL", "BankingApp.BLL\BankingApp.BLL.csproj", "{7B2F9674-53DE-4CD3-9871-E6090CE098F5}"
EndProject
Project("{FAE04EC0-301F-11D3-BF4B-00C04F79EFBC}") = "BankingApp.Tests", "BankingApp.Tests\BankingApp.Tests.csproj", "{BC5A7AD3-1F63-4EC9-AB39-07A17700485F}"
EndProject
Project("{FAE04EC0-301F-11D3-BF4B-00C04F79EFBC}") = "BankingApp.UI", "..\WebApplication11\WebApplication11\BankingApp.UI.csproj", "{6849EDCE-C169-4FB9-B915-468D85F82819}"
EndProject
Project("{FAE04EC0-301F-11D3-BF4B-00C04F79EFBC}") = "BankingApp.UI1", "..\WebApplication11\WebApplication11\BankingApp.UI1.csproj", "{50C7C4F7-F4A4-417F-AE3E-53C4DD87CDCA}"
EndProject
Global
	GlobalSection(SolutionConfigurationPlatforms) = preSolution
		Debug|Any CPU = Debug|Any CPU
		Release|Any CPU = Release|Any CPU
	EndGlobalSection
	GlobalSection(ProjectConfigurationPlatforms) = postSolution
		{C0000864-CAAA-4FBD-B751-B8C4BF1B3691}.Debug|Any CPU.ActiveCfg = Debug|Any CPU
		{C0000864-CAAA-4FBD-B751-B8C4BF1B3691}.Debug|Any CPU.Build.0 = Debug|Any CPU
		{C0000864-CAAA-4FBD-B751-B8C4BF1B3691}.Release|Any CPU.ActiveCfg = Release|Any CPU
		{C0000864-CAAA-4FBD-B751-B8C4BF1B3691}.Release|Any CPU.Build.0 = Release|Any CPU
		{A0673109-8EA9-4FAD-8924-0CE5D3F36B3A}.Debug|Any CPU.ActiveCfg = Debug|Any CPU
		{A0673109-8EA9-4FAD-8924-0CE5D3F36B3A}.Debug|Any CPU.Build.0 = Debug|Any CPU
		{A0673109-8EA9-4FAD-8924-0CE5D3F36B3A}.Release|Any CPU.ActiveCfg = Release|Any CPU
		{A0673109-8EA9-4FAD-8924-0CE5D3F36B3A}.Release|Any CPU.Build.0 = Release|Any CPU
		{7B2F9674-53DE-4CD3-9871-E6090CE098F5}.Debug|Any CPU.ActiveCfg = Debug|Any CPU
		{7B2F9674-53DE-4CD3-9871-E6090CE098F5}.Debug|Any CPU.Build.0 = Debug|Any CPU
		{7B2F9674-53DE-4CD3-9871-E6090CE098F5}.Release|Any CPU.ActiveCfg = Release|Any CPU
		{7B2F9674-53DE-4CD3-9871-E6090CE098F5}.Release|Any CPU.Build.0 = Release|Any CPU
		{BC5A7AD3-1F63-4EC9-AB39-07A17700485F}.Debug|Any CPU.ActiveCfg = Debug|Any CPU
		{BC5A7AD3-1F63-4EC9-AB39-07A17700485F}.Debug|Any CPU.Build.0 = Debug|Any CPU
		{BC5A7AD3-1F63-4EC9-AB39-07A17700485F}.Release|Any CPU.ActiveCfg = Release|Any CPU
		{BC5A7AD3-1F63-4EC9-AB39-07A17700485F}.Release|Any CPU.Build.0 = Release|Any CPU
		{6849EDCE-C169-4FB9-B915-468D85F82819}.Debug|Any CPU.ActiveCfg = Debug|Any CPU
		{6849EDCE-C169-4FB9-B915-468D85F82819}.Debug|Any CPU.Build.0 = Debug|Any CPU
		{6849EDCE-C169-4FB9-B915-468D85F82819}.Release|Any CPU.ActiveCfg = Release|Any CPU
		{6849EDCE-C169-4FB9-B915-468D85F82819}.Release|Any CPU.Build.0 = Release|Any CPU
		{50C7C4F7-F4A4-417F-AE3E-53C4DD87CDCA}.Debug|Any CPU.ActiveCfg = Debug|Any CPU
		{50C7C4F7-F4A4-417F-AE3E-53C4DD87CDCA}.Debug|Any CPU.Build.0 = Debug|Any CPU
		{50C7C4F7-F4A4-417F-AE3E-53C4DD87CDCA}.Release|Any CPU.ActiveCfg = Release|Any CPU
		{50C7C4F7-F4A4-417F-AE3E-53C4DD87CDCA}.Release|Any CPU.Build.0 = Release|Any CPU
	EndGlobalSection
	GlobalSection(SolutionProperties) = preSolution
		HideSolutionNode = FALSE
	EndGlobalSection
EndGlobal
