
Microsoft Visual Studio Solution File, Format Version 12.00
# Visual Studio 14
VisualStudioVersion = 14.0.25420.1
MinimumVisualStudioVersion = 10.0.40219.1
Project("{FAE04EC0-301F-11D3-BF4B-00C04F79EFBC}") = "BankingApp.WEB", "BankingApp.WEB\BankingApp.WEB.csproj", "{C0000864-CAAA-4FBD-B751-B8C4BF1B3691}"
EndProject
Project("{FAE04EC0-301F-11D3-BF4B-00C04F79EFBC}") = "BankingApp.DAL", "BankingApp.DAL\BankingApp.DAL.csproj", "{A0673109-8EA9-4FAD-8924-0CE5D3F36B3A}"
EndProject
Project("{FAE04EC0-301F-11D3-BF4B-00C04F79EFBC}") = "BankingApp.BLL", "BankingApp.BLL\BankingApp.BLL.csproj", "{7B2F9674-53DE-4CD3-9871-E6090CE098F5}"
EndProject
Project("{FAE04EC0-301F-11D3-BF4B-00C04F79EFBC}") = "UnitTestProject", "UnitTestProject\UnitTestProject.csproj", "{956655BF-3D24-4605-9F43-D35412FE8574}"
EndProject
Global
	GlobalSection(SolutionConfigurationPlatforms) = preSolution
		Debug|Any CPU = Debug|Any CPU
		Release|Any CPU = Release|Any CPU
	EndGlobalSection
	GlobalSection(ProjectConfigurationPlatforms) = postSolution
		{C0000864-CAAA-4FBD-B751-B8C4BF1B3691}.Debug|Any CPU.ActiveCfg = Debug|Any CPU
		{C0000864-CAAA-4FBD-B751-B8C4BF1B3691}.Debug|Any CPU.Build.0 = Debug|Any CPU
		{C0000864-CAAA-4FBD-B751-B8C4BF1B3691}.Release|Any CPU.ActiveCfg = Release|Any CPU
		{C0000864-CAAA-4FBD-B751-B8C4BF1B3691}.Release|Any CPU.Build.0 = Release|Any CPU
		{A0673109-8EA9-4FAD-8924-0CE5D3F36B3A}.Debug|Any CPU.ActiveCfg = Debug|Any CPU
		{A0673109-8EA9-4FAD-8924-0CE5D3F36B3A}.Debug|Any CPU.Build.0 = Debug|Any CPU
		{A0673109-8EA9-4FAD-8924-0CE5D3F36B3A}.Release|Any CPU.ActiveCfg = Release|Any CPU
		{A0673109-8EA9-4FAD-8924-0CE5D3F36B3A}.Release|Any CPU.Build.0 = Release|Any CPU
		{7B2F9674-53DE-4CD3-9871-E6090CE098F5}.Debug|Any CPU.ActiveCfg = Debug|Any CPU
		{7B2F9674-53DE-4CD3-9871-E6090CE098F5}.Debug|Any CPU.Build.0 = Debug|Any CPU
		{7B2F9674-53DE-4CD3-9871-E6090CE098F5}.Release|Any CPU.ActiveCfg = Release|Any CPU
		{7B2F9674-53DE-4CD3-9871-E6090CE098F5}.Release|Any CPU.Build.0 = Release|Any CPU
		{956655BF-3D24-4605-9F43-D35412FE8574}.Debug|Any CPU.ActiveCfg = Debug|Any CPU
		{956655BF-3D24-4605-9F43-D35412FE8574}.Debug|Any CPU.Build.0 = Debug|Any CPU
		{956655BF-3D24-4605-9F43-D35412FE8574}.Release|Any CPU.ActiveCfg = Release|Any CPU
		{956655BF-3D24-4605-9F43-D35412FE8574}.Release|Any CPU.Build.0 = Release|Any CPU
	EndGlobalSection
	GlobalSection(SolutionProperties) = preSolution
		HideSolutionNode = FALSE
	EndGlobalSection
EndGlobal
